
Microsoft Visual Studio Solution File, Format Version 12.00
# Visual Studio Version 17
VisualStudioVersion = 17.5.001.0
MinimumVisualStudioVersion = 10.0.40219.1
Project("{9A19103F-16F7-4668-BE54-9A1E7A4F7556}") = "OnlyLikes", "OnlyLikes.csproj", "{E755F325-1581-44A6-B58B-BCBE5A5B0BF8}"
EndProject
Project("{FAE04EC0-301F-11D3-BF4B-00C04F79EFBC}") = "NostrSharp", "NostrSharp\NostrSharp.csproj", "{745BD6FF-0551-4BAD-95E5-2BD3D096AAA7}"
EndProject
Global
	GlobalSection(SolutionConfigurationPlatforms) = preSolution
		Debug|Any CPU = Debug|Any CPU
		Release|Any CPU = Release|Any CPU
	EndGlobalSection
	GlobalSection(ProjectConfigurationPlatforms) = postSolution
		{E755F325-1581-44A6-B58B-BCBE5A5B0BF8}.Debug|Any CPU.ActiveCfg = Debug|Any CPU
		{E755F325-1581-44A6-B58B-BCBE5A5B0BF8}.Debug|Any CPU.Build.0 = Debug|Any CPU
		{E755F325-1581-44A6-B58B-BCBE5A5B0BF8}.Release|Any CPU.ActiveCfg = Release|Any CPU
		{E755F325-1581-44A6-B58B-BCBE5A5B0BF8}.Release|Any CPU.Build.0 = Release|Any CPU
		{745BD6FF-0551-4BAD-95E5-2BD3D096AAA7}.Debug|Any CPU.ActiveCfg = Debug|Any CPU
		{745BD6FF-0551-4BAD-95E5-2BD3D096AAA7}.Debug|Any CPU.Build.0 = Debug|Any CPU
		{745BD6FF-0551-4BAD-95E5-2BD3D096AAA7}.Release|Any CPU.ActiveCfg = Release|Any CPU
		{745BD6FF-0551-4BAD-95E5-2BD3D096AAA7}.Release|Any CPU.Build.0 = Release|Any CPU
	EndGlobalSection
	GlobalSection(SolutionProperties) = preSolution
		HideSolutionNode = FALSE
	EndGlobalSection
	GlobalSection(ExtensibilityGlobals) = postSolution
		SolutionGuid = {C10DD665-2A61-4C42-93DE-60E9C3908388}
	EndGlobalSection
EndGlobal
