
Microsoft Visual Studio Solution File, Format Version 12.00
# Visual Studio Version 17
VisualStudioVersion = 17.5.001.0
MinimumVisualStudioVersion = 10.0.40219.1
Project("{9A19103F-16F7-4668-BE54-9A1E7A4F7556}") = "OnlyLikes", ".\OnlyLikesWeb\OnlyLikes.csproj", "{E755F325-1581-44A6-B58B-BCBE5A5B0BF8}"
EndProject
Project("{FAE04EC0-301F-11D3-BF4B-00C04F79EFBC}") = "OnlyLikesTestbed", ".\OnlyLikesTestbed\OnlyLikesTestbed.csproj", "{9A54F357-19CF-466C-9E42-E195D7B3C633}"
EndProject
Project("{FAE04EC0-301F-11D3-BF4B-00C04F79EFBC}") = "NostrTypes", ".\NostrTypes\NostrTypes.csproj", "{13595B75-AA7D-4071-B5E3-C2813CE3ED94}"
EndProject
Global
	GlobalSection(SolutionConfigurationPlatforms) = preSolution
		Debug|Any CPU = Debug|Any CPU
		Release|Any CPU = Release|Any CPU
	EndGlobalSection
	GlobalSection(ProjectConfigurationPlatforms) = postSolution
		{E755F325-1581-44A6-B58B-BCBE5A5B0BF8}.Debug|Any CPU.ActiveCfg = Debug|Any CPU
		{E755F325-1581-44A6-B58B-BCBE5A5B0BF8}.Debug|Any CPU.Build.0 = Debug|Any CPU
		{E755F325-1581-44A6-B58B-BCBE5A5B0BF8}.Release|Any CPU.ActiveCfg = Release|Any CPU
		{E755F325-1581-44A6-B58B-BCBE5A5B0BF8}.Release|Any CPU.Build.0 = Release|Any CPU
		{9A54F357-19CF-466C-9E42-E195D7B3C633}.Debug|Any CPU.ActiveCfg = Debug|Any CPU
		{9A54F357-19CF-466C-9E42-E195D7B3C633}.Debug|Any CPU.Build.0 = Debug|Any CPU
		{9A54F357-19CF-466C-9E42-E195D7B3C633}.Release|Any CPU.ActiveCfg = Release|Any CPU
		{9A54F357-19CF-466C-9E42-E195D7B3C633}.Release|Any CPU.Build.0 = Release|Any CPU
		{13595B75-AA7D-4071-B5E3-C2813CE3ED94}.Debug|Any CPU.ActiveCfg = Debug|Any CPU
		{13595B75-AA7D-4071-B5E3-C2813CE3ED94}.Debug|Any CPU.Build.0 = Debug|Any CPU
		{13595B75-AA7D-4071-B5E3-C2813CE3ED94}.Release|Any CPU.ActiveCfg = Release|Any CPU
		{13595B75-AA7D-4071-B5E3-C2813CE3ED94}.Release|Any CPU.Build.0 = Release|Any CPU
	EndGlobalSection
	GlobalSection(SolutionProperties) = preSolution
		HideSolutionNode = FALSE
	EndGlobalSection
	GlobalSection(ExtensibilityGlobals) = postSolution
		SolutionGuid = {C10DD665-2A61-4C42-93DE-60E9C3908388}
	EndGlobalSection
EndGlobal
